
Microsoft Visual Studio Solution File, Format Version 12.00
# Visual Studio Version 17
VisualStudioVersion = 17.13.35806.99 d17.13
MinimumVisualStudioVersion = 10.0.40219.1
Project("{FAE04EC0-301F-11D3-BF4B-00C04F79EFBC}") = "CrudBackEnd", "CrudBackEnd\CrudBackEnd.csproj", "{B407E2C0-B292-4BE7-9F86-C2265506BD3D}"
EndProject
Global
	GlobalSection(SolutionConfigurationPlatforms) = preSolution
		Debug|Any CPU = Debug|Any CPU
		Release|Any CPU = Release|Any CPU
	EndGlobalSection
	GlobalSection(ProjectConfigurationPlatforms) = postSolution
		{B407E2C0-B292-4BE7-9F86-C2265506BD3D}.Debug|Any CPU.ActiveCfg = Debug|Any CPU
		{B407E2C0-B292-4BE7-9F86-C2265506BD3D}.Debug|Any CPU.Build.0 = Debug|Any CPU
		{B407E2C0-B292-4BE7-9F86-C2265506BD3D}.Release|Any CPU.ActiveCfg = Release|Any CPU
		{B407E2C0-B292-4BE7-9F86-C2265506BD3D}.Release|Any CPU.Build.0 = Release|Any CPU
	EndGlobalSection
	GlobalSection(SolutionProperties) = preSolution
		HideSolutionNode = FALSE
	EndGlobalSection
	GlobalSection(ExtensibilityGlobals) = postSolution
		SolutionGuid = {CB79B464-E0E0-45C0-AC31-194845EC191A}
	EndGlobalSection
EndGlobal
